// !$*UTF8*$!
{
	archiveVersion = 1;
	classes = {
	};
	objectVersion = 46;
	objects = {

/* Begin PBXBuildFile section */
		8B0341671890276000290755 /* enemy.png in Resources */ = {isa = PBXBuildFile; fileRef = 8B0341661890276000290755 /* enemy.png */; };
		8B4B99E5188FEC1A00E0273D /* Foundation.framework in Frameworks */ = {isa = PBXBuildFile; fileRef = 8B4B99E4188FEC1A00E0273D /* Foundation.framework */; };
		8B4B99E7188FEC1A00E0273D /* CoreGraphics.framework in Frameworks */ = {isa = PBXBuildFile; fileRef = 8B4B99E6188FEC1A00E0273D /* CoreGraphics.framework */; };
		8B4B99E9188FEC1A00E0273D /* UIKit.framework in Frameworks */ = {isa = PBXBuildFile; fileRef = 8B4B99E8188FEC1A00E0273D /* UIKit.framework */; };
		8B4B99EB188FEC1A00E0273D /* SpriteKit.framework in Frameworks */ = {isa = PBXBuildFile; fileRef = 8B4B99EA188FEC1A00E0273D /* SpriteKit.framework */; };
		8B4B99F1188FEC1B00E0273D /* InfoPlist.strings in Resources */ = {isa = PBXBuildFile; fileRef = 8B4B99EF188FEC1B00E0273D /* InfoPlist.strings */; };
		8B4B99F3188FEC1B00E0273D /* main.m in Sources */ = {isa = PBXBuildFile; fileRef = 8B4B99F2188FEC1B00E0273D /* main.m */; };
		8B4B99F7188FEC1B00E0273D /* AppDelegate.m in Sources */ = {isa = PBXBuildFile; fileRef = 8B4B99F6188FEC1B00E0273D /* AppDelegate.m */; };
		8B4B99FA188FEC1B00E0273D /* Main.storyboard in Resources */ = {isa = PBXBuildFile; fileRef = 8B4B99F8188FEC1B00E0273D /* Main.storyboard */; };
		8B4B99FD188FEC1B00E0273D /* ViewController.m in Sources */ = {isa = PBXBuildFile; fileRef = 8B4B99FC188FEC1B00E0273D /* ViewController.m */; };
		8B4B9A00188FEC1B00E0273D /* MyScene.m in Sources */ = {isa = PBXBuildFile; fileRef = 8B4B99FF188FEC1B00E0273D /* MyScene.m */; };
		8B4B9A02188FEC1B00E0273D /* Spaceship.png in Resources */ = {isa = PBXBuildFile; fileRef = 8B4B9A01188FEC1B00E0273D /* Spaceship.png */; };
		8B4B9A04188FEC1B00E0273D /* Images.xcassets in Resources */ = {isa = PBXBuildFile; fileRef = 8B4B9A03188FEC1B00E0273D /* Images.xcassets */; };
		8B4B9A0B188FEC1C00E0273D /* XCTest.framework in Frameworks */ = {isa = PBXBuildFile; fileRef = 8B4B9A0A188FEC1C00E0273D /* XCTest.framework */; };
		8B4B9A0C188FEC1C00E0273D /* Foundation.framework in Frameworks */ = {isa = PBXBuildFile; fileRef = 8B4B99E4188FEC1A00E0273D /* Foundation.framework */; };
		8B4B9A0D188FEC1C00E0273D /* UIKit.framework in Frameworks */ = {isa = PBXBuildFile; fileRef = 8B4B99E8188FEC1A00E0273D /* UIKit.framework */; };
		8B4B9A15188FEC1C00E0273D /* InfoPlist.strings in Resources */ = {isa = PBXBuildFile; fileRef = 8B4B9A13188FEC1C00E0273D /* InfoPlist.strings */; };
		8B4B9A17188FEC1C00E0273D /* SpaceInvadersLikeGameTests.m in Sources */ = {isa = PBXBuildFile; fileRef = 8B4B9A16188FEC1C00E0273D /* SpaceInvadersLikeGameTests.m */; };
/* End PBXBuildFile section */

/* Begin PBXContainerItemProxy section */
		8B4B9A0E188FEC1C00E0273D /* PBXContainerItemProxy */ = {
			isa = PBXContainerItemProxy;
			containerPortal = 8B4B99D9188FEC1A00E0273D /* Project object */;
			proxyType = 1;
			remoteGlobalIDString = 8B4B99E0188FEC1A00E0273D;
			remoteInfo = SpaceInvadersLikeGame;
		};
/* End PBXContainerItemProxy section */

/* Begin PBXFileReference section */
		8B0341661890276000290755 /* enemy.png */ = {isa = PBXFileReference; lastKnownFileType = image.png; path = enemy.png; sourceTree = "<group>"; };
		8B4B99E1188FEC1A00E0273D /* SpaceInvadersLikeGame.app */ = {isa = PBXFileReference; explicitFileType = wrapper.application; includeInIndex = 0; path = SpaceInvadersLikeGame.app; sourceTree = BUILT_PRODUCTS_DIR; };
		8B4B99E4188FEC1A00E0273D /* Foundation.framework */ = {isa = PBXFileReference; lastKnownFileType = wrapper.framework; name = Foundation.framework; path = System/Library/Frameworks/Foundation.framework; sourceTree = SDKROOT; };
		8B4B99E6188FEC1A00E0273D /* CoreGraphics.framework */ = {isa = PBXFileReference; lastKnownFileType = wrapper.framework; name = CoreGraphics.framework; path = System/Library/Frameworks/CoreGraphics.framework; sourceTree = SDKROOT; };
		8B4B99E8188FEC1A00E0273D /* UIKit.framework */ = {isa = PBXFileReference; lastKnownFileType = wrapper.framework; name = UIKit.framework; path = System/Library/Frameworks/UIKit.framework; sourceTree = SDKROOT; };
		8B4B99EA188FEC1A00E0273D /* SpriteKit.framework */ = {isa = PBXFileReference; lastKnownFileType = wrapper.framework; name = SpriteKit.framework; path = System/Library/Frameworks/SpriteKit.framework; sourceTree = SDKROOT; };
		8B4B99EE188FEC1B00E0273D /* SpaceInvadersLikeGame-Info.plist */ = {isa = PBXFileReference; lastKnownFileType = text.plist.xml; path = "SpaceInvadersLikeGame-Info.plist"; sourceTree = "<group>"; };
		8B4B99F0188FEC1B00E0273D /* en */ = {isa = PBXFileReference; lastKnownFileType = text.plist.strings; name = en; path = en.lproj/InfoPlist.strings; sourceTree = "<group>"; };
		8B4B99F2188FEC1B00E0273D /* main.m */ = {isa = PBXFileReference; lastKnownFileType = sourcecode.c.objc; path = main.m; sourceTree = "<group>"; };
		8B4B99F4188FEC1B00E0273D /* SpaceInvadersLikeGame-Prefix.pch */ = {isa = PBXFileReference; lastKnownFileType = sourcecode.c.h; path = "SpaceInvadersLikeGame-Prefix.pch"; sourceTree = "<group>"; };
		8B4B99F5188FEC1B00E0273D /* AppDelegate.h */ = {isa = PBXFileReference; lastKnownFileType = sourcecode.c.h; path = AppDelegate.h; sourceTree = "<group>"; };
		8B4B99F6188FEC1B00E0273D /* AppDelegate.m */ = {isa = PBXFileReference; lastKnownFileType = sourcecode.c.objc; path = AppDelegate.m; sourceTree = "<group>"; };
		8B4B99F9188FEC1B00E0273D /* Base */ = {isa = PBXFileReference; lastKnownFileType = file.storyboard; name = Base; path = Base.lproj/Main.storyboard; sourceTree = "<group>"; };
		8B4B99FB188FEC1B00E0273D /* ViewController.h */ = {isa = PBXFileReference; lastKnownFileType = sourcecode.c.h; path = ViewController.h; sourceTree = "<group>"; };
		8B4B99FC188FEC1B00E0273D /* ViewController.m */ = {isa = PBXFileReference; lastKnownFileType = sourcecode.c.objc; path = ViewController.m; sourceTree = "<group>"; };
		8B4B99FE188FEC1B00E0273D /* MyScene.h */ = {isa = PBXFileReference; lastKnownFileType = sourcecode.c.h; path = MyScene.h; sourceTree = "<group>"; };
		8B4B99FF188FEC1B00E0273D /* MyScene.m */ = {isa = PBXFileReference; lastKnownFileType = sourcecode.c.objc; path = MyScene.m; sourceTree = "<group>"; };
		8B4B9A01188FEC1B00E0273D /* Spaceship.png */ = {isa = PBXFileReference; lastKnownFileType = image.png; path = Spaceship.png; sourceTree = "<group>"; };
		8B4B9A03188FEC1B00E0273D /* Images.xcassets */ = {isa = PBXFileReference; lastKnownFileType = folder.assetcatalog; path = Images.xcassets; sourceTree = "<group>"; };
		8B4B9A09188FEC1C00E0273D /* SpaceInvadersLikeGameTests.xctest */ = {isa = PBXFileReference; explicitFileType = wrapper.cfbundle; includeInIndex = 0; path = SpaceInvadersLikeGameTests.xctest; sourceTree = BUILT_PRODUCTS_DIR; };
		8B4B9A0A188FEC1C00E0273D /* XCTest.framework */ = {isa = PBXFileReference; lastKnownFileType = wrapper.framework; name = XCTest.framework; path = Library/Frameworks/XCTest.framework; sourceTree = DEVELOPER_DIR; };
		8B4B9A12188FEC1C00E0273D /* SpaceInvadersLikeGameTests-Info.plist */ = {isa = PBXFileReference; lastKnownFileType = text.plist.xml; path = "SpaceInvadersLikeGameTests-Info.plist"; sourceTree = "<group>"; };
		8B4B9A14188FEC1C00E0273D /* en */ = {isa = PBXFileReference; lastKnownFileType = text.plist.strings; name = en; path = en.lproj/InfoPlist.strings; sourceTree = "<group>"; };
		8B4B9A16188FEC1C00E0273D /* SpaceInvadersLikeGameTests.m */ = {isa = PBXFileReference; lastKnownFileType = sourcecode.c.objc; path = SpaceInvadersLikeGameTests.m; sourceTree = "<group>"; };
/* End PBXFileReference section */

/* Begin PBXFrameworksBuildPhase section */
		8B4B99DE188FEC1A00E0273D /* Frameworks */ = {
			isa = PBXFrameworksBuildPhase;
			buildActionMask = 2147483647;
			files = (
				8B4B99E7188FEC1A00E0273D /* CoreGraphics.framework in Frameworks */,
				8B4B99E9188FEC1A00E0273D /* UIKit.framework in Frameworks */,
				8B4B99EB188FEC1A00E0273D /* SpriteKit.framework in Frameworks */,
				8B4B99E5188FEC1A00E0273D /* Foundation.framework in Frameworks */,
			);
			runOnlyForDeploymentPostprocessing = 0;
		};
		8B4B9A06188FEC1C00E0273D /* Frameworks */ = {
			isa = PBXFrameworksBuildPhase;
			buildActionMask = 2147483647;
			files = (
				8B4B9A0B188FEC1C00E0273D /* XCTest.framework in Frameworks */,
				8B4B9A0D188FEC1C00E0273D /* UIKit.framework in Frameworks */,
				8B4B9A0C188FEC1C00E0273D /* Foundation.framework in Frameworks */,
			);
			runOnlyForDeploymentPostprocessing = 0;
		};
/* End PBXFrameworksBuildPhase section */

/* Begin PBXGroup section */
		8B4B99D8188FEC1A00E0273D = {
			isa = PBXGroup;
			children = (
				8B4B99EC188FEC1A00E0273D /* SpaceInvadersLikeGame */,
				8B4B9A10188FEC1C00E0273D /* SpaceInvadersLikeGameTests */,
				8B4B99E3188FEC1A00E0273D /* Frameworks */,
				8B4B99E2188FEC1A00E0273D /* Products */,
			);
			sourceTree = "<group>";
		};
		8B4B99E2188FEC1A00E0273D /* Products */ = {
			isa = PBXGroup;
			children = (
				8B4B99E1188FEC1A00E0273D /* SpaceInvadersLikeGame.app */,
				8B4B9A09188FEC1C00E0273D /* SpaceInvadersLikeGameTests.xctest */,
			);
			name = Products;
			sourceTree = "<group>";
		};
		8B4B99E3188FEC1A00E0273D /* Frameworks */ = {
			isa = PBXGroup;
			children = (
				8B4B99E4188FEC1A00E0273D /* Foundation.framework */,
				8B4B99E6188FEC1A00E0273D /* CoreGraphics.framework */,
				8B4B99E8188FEC1A00E0273D /* UIKit.framework */,
				8B4B99EA188FEC1A00E0273D /* SpriteKit.framework */,
				8B4B9A0A188FEC1C00E0273D /* XCTest.framework */,
			);
			name = Frameworks;
			sourceTree = "<group>";
		};
		8B4B99EC188FEC1A00E0273D /* SpaceInvadersLikeGame */ = {
			isa = PBXGroup;
			children = (
				8B0341661890276000290755 /* enemy.png */,
				8B4B99F5188FEC1B00E0273D /* AppDelegate.h */,
				8B4B99F6188FEC1B00E0273D /* AppDelegate.m */,
				8B4B99F8188FEC1B00E0273D /* Main.storyboard */,
				8B4B99FB188FEC1B00E0273D /* ViewController.h */,
				8B4B99FC188FEC1B00E0273D /* ViewController.m */,
				8B4B99FE188FEC1B00E0273D /* MyScene.h */,
				8B4B99FF188FEC1B00E0273D /* MyScene.m */,
				8B4B9A01188FEC1B00E0273D /* Spaceship.png */,
				8B4B9A03188FEC1B00E0273D /* Images.xcassets */,
				8B4B99ED188FEC1B00E0273D /* Supporting Files */,
			);
			path = SpaceInvadersLikeGame;
			sourceTree = "<group>";
		};
		8B4B99ED188FEC1B00E0273D /* Supporting Files */ = {
			isa = PBXGroup;
			children = (
				8B4B99EE188FEC1B00E0273D /* SpaceInvadersLikeGame-Info.plist */,
				8B4B99EF188FEC1B00E0273D /* InfoPlist.strings */,
				8B4B99F2188FEC1B00E0273D /* main.m */,
				8B4B99F4188FEC1B00E0273D /* SpaceInvadersLikeGame-Prefix.pch */,
			);
			name = "Supporting Files";
			sourceTree = "<group>";
		};
		8B4B9A10188FEC1C00E0273D /* SpaceInvadersLikeGameTests */ = {
			isa = PBXGroup;
			children = (
				8B4B9A16188FEC1C00E0273D /* SpaceInvadersLikeGameTests.m */,
				8B4B9A11188FEC1C00E0273D /* Supporting Files */,
			);
			path = SpaceInvadersLikeGameTests;
			sourceTree = "<group>";
		};
		8B4B9A11188FEC1C00E0273D /* Supporting Files */ = {
			isa = PBXGroup;
			children = (
				8B4B9A12188FEC1C00E0273D /* SpaceInvadersLikeGameTests-Info.plist */,
				8B4B9A13188FEC1C00E0273D /* InfoPlist.strings */,
			);
			name = "Supporting Files";
			sourceTree = "<group>";
		};
/* End PBXGroup section */

/* Begin PBXNativeTarget section */
		8B4B99E0188FEC1A00E0273D /* SpaceInvadersLikeGame */ = {
			isa = PBXNativeTarget;
			buildConfigurationList = 8B4B9A1A188FEC1C00E0273D /* Build configuration list for PBXNativeTarget "SpaceInvadersLikeGame" */;
			buildPhases = (
				8B4B99DD188FEC1A00E0273D /* Sources */,
				8B4B99DE188FEC1A00E0273D /* Frameworks */,
				8B4B99DF188FEC1A00E0273D /* Resources */,
			);
			buildRules = (
			);
			dependencies = (
			);
			name = SpaceInvadersLikeGame;
			productName = SpaceInvadersLikeGame;
			productReference = 8B4B99E1188FEC1A00E0273D /* SpaceInvadersLikeGame.app */;
			productType = "com.apple.product-type.application";
		};
		8B4B9A08188FEC1C00E0273D /* SpaceInvadersLikeGameTests */ = {
			isa = PBXNativeTarget;
			buildConfigurationList = 8B4B9A1D188FEC1C00E0273D /* Build configuration list for PBXNativeTarget "SpaceInvadersLikeGameTests" */;
			buildPhases = (
				8B4B9A05188FEC1C00E0273D /* Sources */,
				8B4B9A06188FEC1C00E0273D /* Frameworks */,
				8B4B9A07188FEC1C00E0273D /* Resources */,
			);
			buildRules = (
			);
			dependencies = (
				8B4B9A0F188FEC1C00E0273D /* PBXTargetDependency */,
			);
			name = SpaceInvadersLikeGameTests;
			productName = SpaceInvadersLikeGameTests;
			productReference = 8B4B9A09188FEC1C00E0273D /* SpaceInvadersLikeGameTests.xctest */;
			productType = "com.apple.product-type.bundle.unit-test";
		};
/* End PBXNativeTarget section */

/* Begin PBXProject section */
		8B4B99D9188FEC1A00E0273D /* Project object */ = {
			isa = PBXProject;
			attributes = {
				LastUpgradeCheck = 0500;
				ORGANIZATIONNAME = kitano;
				TargetAttributes = {
					8B4B9A08188FEC1C00E0273D = {
						TestTargetID = 8B4B99E0188FEC1A00E0273D;
					};
				};
			};
			buildConfigurationList = 8B4B99DC188FEC1A00E0273D /* Build configuration list for PBXProject "SpaceInvadersLikeGame" */;
			compatibilityVersion = "Xcode 3.2";
			developmentRegion = English;
			hasScannedForEncodings = 0;
			knownRegions = (
				en,
				Base,
			);
			mainGroup = 8B4B99D8188FEC1A00E0273D;
			productRefGroup = 8B4B99E2188FEC1A00E0273D /* Products */;
			projectDirPath = "";
			projectRoot = "";
			targets = (
				8B4B99E0188FEC1A00E0273D /* SpaceInvadersLikeGame */,
				8B4B9A08188FEC1C00E0273D /* SpaceInvadersLikeGameTests */,
			);
		};
/* End PBXProject section */

/* Begin PBXResourcesBuildPhase section */
		8B4B99DF188FEC1A00E0273D /* Resources */ = {
			isa = PBXResourcesBuildPhase;
			buildActionMask = 2147483647;
			files = (
				8B4B99F1188FEC1B00E0273D /* InfoPlist.strings in Resources */,
				8B4B9A04188FEC1B00E0273D /* Images.xcassets in Resources */,
				8B0341671890276000290755 /* enemy.png in Resources */,
				8B4B9A02188FEC1B00E0273D /* Spaceship.png in Resources */,
				8B4B99FA188FEC1B00E0273D /* Main.storyboard in Resources */,
			);
			runOnlyForDeploymentPostprocessing = 0;
		};
		8B4B9A07188FEC1C00E0273D /* Resources */ = {
			isa = PBXResourcesBuildPhase;
			buildActionMask = 2147483647;
			files = (
				8B4B9A15188FEC1C00E0273D /* InfoPlist.strings in Resources */,
			);
			runOnlyForDeploymentPostprocessing = 0;
		};
/* End PBXResourcesBuildPhase section */

/* Begin PBXSourcesBuildPhase section */
		8B4B99DD188FEC1A00E0273D /* Sources */ = {
			isa = PBXSourcesBuildPhase;
			buildActionMask = 2147483647;
			files = (
				8B4B9A00188FEC1B00E0273D /* MyScene.m in Sources */,
				8B4B99FD188FEC1B00E0273D /* ViewController.m in Sources */,
				8B4B99F7188FEC1B00E0273D /* AppDelegate.m in Sources */,
				8B4B99F3188FEC1B00E0273D /* main.m in Sources */,
			);
			runOnlyForDeploymentPostprocessing = 0;
		};
		8B4B9A05188FEC1C00E0273D /* Sources */ = {
			isa = PBXSourcesBuildPhase;
			buildActionMask = 2147483647;
			files = (
				8B4B9A17188FEC1C00E0273D /* SpaceInvadersLikeGameTests.m in Sources */,
			);
			runOnlyForDeploymentPostprocessing = 0;
		};
/* End PBXSourcesBuildPhase section */

/* Begin PBXTargetDependency section */
		8B4B9A0F188FEC1C00E0273D /* PBXTargetDependency */ = {
			isa = PBXTargetDependency;
			target = 8B4B99E0188FEC1A00E0273D /* SpaceInvadersLikeGame */;
			targetProxy = 8B4B9A0E188FEC1C00E0273D /* PBXContainerItemProxy */;
		};
/* End PBXTargetDependency section */

/* Begin PBXVariantGroup section */
		8B4B99EF188FEC1B00E0273D /* InfoPlist.strings */ = {
			isa = PBXVariantGroup;
			children = (
				8B4B99F0188FEC1B00E0273D /* en */,
			);
			name = InfoPlist.strings;
			sourceTree = "<group>";
		};
		8B4B99F8188FEC1B00E0273D /* Main.storyboard */ = {
			isa = PBXVariantGroup;
			children = (
				8B4B99F9188FEC1B00E0273D /* Base */,
			);
			name = Main.storyboard;
			sourceTree = "<group>";
		};
		8B4B9A13188FEC1C00E0273D /* InfoPlist.strings */ = {
			isa = PBXVariantGroup;
			children = (
				8B4B9A14188FEC1C00E0273D /* en */,
			);
			name = InfoPlist.strings;
			sourceTree = "<group>";
		};
/* End PBXVariantGroup section */

/* Begin XCBuildConfiguration section */
		8B4B9A18188FEC1C00E0273D /* Debug */ = {
			isa = XCBuildConfiguration;
			buildSettings = {
				ALWAYS_SEARCH_USER_PATHS = NO;
				ARCHS = "$(ARCHS_STANDARD_INCLUDING_64_BIT)";
				CLANG_CXX_LANGUAGE_STANDARD = "gnu++0x";
				CLANG_CXX_LIBRARY = "libc++";
				CLANG_ENABLE_MODULES = YES;
				CLANG_ENABLE_OBJC_ARC = YES;
				CLANG_WARN_BOOL_CONVERSION = YES;
				CLANG_WARN_CONSTANT_CONVERSION = YES;
				CLANG_WARN_DIRECT_OBJC_ISA_USAGE = YES_ERROR;
				CLANG_WARN_EMPTY_BODY = YES;
				CLANG_WARN_ENUM_CONVERSION = YES;
				CLANG_WARN_INT_CONVERSION = YES;
				CLANG_WARN_OBJC_ROOT_CLASS = YES_ERROR;
				CLANG_WARN__DUPLICATE_METHOD_MATCH = YES;
				"CODE_SIGN_IDENTITY[sdk=iphoneos*]" = "iPhone Developer";
				COPY_PHASE_STRIP = NO;
				GCC_C_LANGUAGE_STANDARD = gnu99;
				GCC_DYNAMIC_NO_PIC = NO;
				GCC_OPTIMIZATION_LEVEL = 0;
				GCC_PREPROCESSOR_DEFINITIONS = (
					"DEBUG=1",
					"$(inherited)",
				);
				GCC_SYMBOLS_PRIVATE_EXTERN = NO;
				GCC_WARN_64_TO_32_BIT_CONVERSION = YES;
				GCC_WARN_ABOUT_RETURN_TYPE = YES_ERROR;
				GCC_WARN_UNDECLARED_SELECTOR = YES;
				GCC_WARN_UNINITIALIZED_AUTOS = YES;
				GCC_WARN_UNUSED_FUNCTION = YES;
				GCC_WARN_UNUSED_VARIABLE = YES;
				IPHONEOS_DEPLOYMENT_TARGET = 7.0;
				ONLY_ACTIVE_ARCH = YES;
				SDKROOT = iphoneos;
			};
			name = Debug;
		};
		8B4B9A19188FEC1C00E0273D /* Release */ = {
			isa = XCBuildConfiguration;
			buildSettings = {
				ALWAYS_SEARCH_USER_PATHS = NO;
				ARCHS = "$(ARCHS_STANDARD_INCLUDING_64_BIT)";
				CLANG_CXX_LANGUAGE_STANDARD = "gnu++0x";
				CLANG_CXX_LIBRARY = "libc++";
				CLANG_ENABLE_MODULES = YES;
				CLANG_ENABLE_OBJC_ARC = YES;
				CLANG_WARN_BOOL_CONVERSION = YES;
				CLANG_WARN_CONSTANT_CONVERSION = YES;
				CLANG_WARN_DIRECT_OBJC_ISA_USAGE = YES_ERROR;
				CLANG_WARN_EMPTY_BODY = YES;
				CLANG_WARN_ENUM_CONVERSION = YES;
				CLANG_WARN_INT_CONVERSION = YES;
				CLANG_WARN_OBJC_ROOT_CLASS = YES_ERROR;
				CLANG_WARN__DUPLICATE_METHOD_MATCH = YES;
				"CODE_SIGN_IDENTITY[sdk=iphoneos*]" = "iPhone Developer";
				COPY_PHASE_STRIP = YES;
				ENABLE_NS_ASSERTIONS = NO;
				GCC_C_LANGUAGE_STANDARD = gnu99;
				GCC_WARN_64_TO_32_BIT_CONVERSION = YES;
				GCC_WARN_ABOUT_RETURN_TYPE = YES_ERROR;
				GCC_WARN_UNDECLARED_SELECTOR = YES;
				GCC_WARN_UNINITIALIZED_AUTOS = YES;
				GCC_WARN_UNUSED_FUNCTION = YES;
				GCC_WARN_UNUSED_VARIABLE = YES;
				IPHONEOS_DEPLOYMENT_TARGET = 7.0;
				SDKROOT = iphoneos;
				VALIDATE_PRODUCT = YES;
			};
			name = Release;
		};
		8B4B9A1B188FEC1C00E0273D /* Debug */ = {
			isa = XCBuildConfiguration;
			buildSettings = {
				ASSETCATALOG_COMPILER_APPICON_NAME = AppIcon;
				ASSETCATALOG_COMPILER_LAUNCHIMAGE_NAME = LaunchImage;
				GCC_PRECOMPILE_PREFIX_HEADER = YES;
				GCC_PREFIX_HEADER = "SpaceInvadersLikeGame/SpaceInvadersLikeGame-Prefix.pch";
				INFOPLIST_FILE = "SpaceInvadersLikeGame/SpaceInvadersLikeGame-Info.plist";
				PRODUCT_NAME = "$(TARGET_NAME)";
				SPRITEKIT_TEXTURE_ATLAS_OUTPUT = YES;
				WRAPPER_EXTENSION = app;
			};
			name = Debug;
		};
		8B4B9A1C188FEC1C00E0273D /* Release */ = {
			isa = XCBuildConfiguration;
			buildSettings = {
				ASSETCATALOG_COMPILER_APPICON_NAME = AppIcon;
				ASSETCATALOG_COMPILER_LAUNCHIMAGE_NAME = LaunchImage;
				GCC_PRECOMPILE_PREFIX_HEADER = YES;
				GCC_PREFIX_HEADER = "SpaceInvadersLikeGame/SpaceInvadersLikeGame-Prefix.pch";
				INFOPLIST_FILE = "SpaceInvadersLikeGame/SpaceInvadersLikeGame-Info.plist";
				PRODUCT_NAME = "$(TARGET_NAME)";
				SPRITEKIT_TEXTURE_ATLAS_OUTPUT = YES;
				WRAPPER_EXTENSION = app;
			};
			name = Release;
		};
		8B4B9A1E188FEC1C00E0273D /* Debug */ = {
			isa = XCBuildConfiguration;
			buildSettings = {
				ARCHS = "$(ARCHS_STANDARD_INCLUDING_64_BIT)";
				BUNDLE_LOADER = "$(BUILT_PRODUCTS_DIR)/SpaceInvadersLikeGame.app/SpaceInvadersLikeGame";
				FRAMEWORK_SEARCH_PATHS = (
					"$(SDKROOT)/Developer/Library/Frameworks",
					"$(inherited)",
					"$(DEVELOPER_FRAMEWORKS_DIR)",
				);
				GCC_PRECOMPILE_PREFIX_HEADER = YES;
				GCC_PREFIX_HEADER = "SpaceInvadersLikeGame/SpaceInvadersLikeGame-Prefix.pch";
				GCC_PREPROCESSOR_DEFINITIONS = (
					"DEBUG=1",
					"$(inherited)",
				);
				INFOPLIST_FILE = "SpaceInvadersLikeGameTests/SpaceInvadersLikeGameTests-Info.plist";
				PRODUCT_NAME = "$(TARGET_NAME)";
				TEST_HOST = "$(BUNDLE_LOADER)";
				WRAPPER_EXTENSION = xctest;
			};
			name = Debug;
		};
		8B4B9A1F188FEC1C00E0273D /* Release */ = {
			isa = XCBuildConfiguration;
			buildSettings = {
				ARCHS = "$(ARCHS_STANDARD_INCLUDING_64_BIT)";
				BUNDLE_LOADER = "$(BUILT_PRODUCTS_DIR)/SpaceInvadersLikeGame.app/SpaceInvadersLikeGame";
				FRAMEWORK_SEARCH_PATHS = (
					"$(SDKROOT)/Developer/Library/Frameworks",
					"$(inherited)",
					"$(DEVELOPER_FRAMEWORKS_DIR)",
				);
				GCC_PRECOMPILE_PREFIX_HEADER = YES;
				GCC_PREFIX_HEADER = "SpaceInvadersLikeGame/SpaceInvadersLikeGame-Prefix.pch";
				INFOPLIST_FILE = "SpaceInvadersLikeGameTests/SpaceInvadersLikeGameTests-Info.plist";
				PRODUCT_NAME = "$(TARGET_NAME)";
				TEST_HOST = "$(BUNDLE_LOADER)";
				WRAPPER_EXTENSION = xctest;
			};
			name = Release;
		};
/* End XCBuildConfiguration section */

/* Begin XCConfigurationList section */
		8B4B99DC188FEC1A00E0273D /* Build configuration list for PBXProject "SpaceInvadersLikeGame" */ = {
			isa = XCConfigurationList;
			buildConfigurations = (
				8B4B9A18188FEC1C00E0273D /* Debug */,
				8B4B9A19188FEC1C00E0273D /* Release */,
			);
			defaultConfigurationIsVisible = 0;
			defaultConfigurationName = Release;
		};
		8B4B9A1A188FEC1C00E0273D /* Build configuration list for PBXNativeTarget "SpaceInvadersLikeGame" */ = {
			isa = XCConfigurationList;
			buildConfigurations = (
				8B4B9A1B188FEC1C00E0273D /* Debug */,
				8B4B9A1C188FEC1C00E0273D /* Release */,
			);
			defaultConfigurationIsVisible = 0;
			defaultConfigurationName = Release;
		};
		8B4B9A1D188FEC1C00E0273D /* Build configuration list for PBXNativeTarget "SpaceInvadersLikeGameTests" */ = {
			isa = XCConfigurationList;
			buildConfigurations = (
				8B4B9A1E188FEC1C00E0273D /* Debug */,
				8B4B9A1F188FEC1C00E0273D /* Release */,
			);
			defaultConfigurationIsVisible = 0;
			defaultConfigurationName = Release;
		};
/* End XCConfigurationList section */
	};
	rootObject = 8B4B99D9188FEC1A00E0273D /* Project object */;
}
